
Microsoft Visual Studio Solution File, Format Version 12.00
# Visual Studio Version 16
VisualStudioVersion = 25.0.1700.0
MinimumVisualStudioVersion = 10.0.40219.1
Project("{2150E333-8FDC-42A3-9474-1A3956D46DE8}") = "Services", "Services", "{EF89B127-1DE8-4632-AB89-1FEEF3162C5B}"
EndProject
Project("{2150E333-8FDC-42A3-9474-1A3956D46DE8}") = "WebApps", "WebApps", "{C5131E36-E3C0-4AA0-BDC7-0805ACF4F6FE}"
EndProject
Project("{2150E333-8FDC-42A3-9474-1A3956D46DE8}") = "Cadastros", "Cadastros", "{C32384FF-CEF7-4F87-8A65-E283C064CF83}"
EndProject
Project("{2150E333-8FDC-42A3-9474-1A3956D46DE8}") = "Core", "Core", "{359DED72-B627-4503-8CF1-D21E243CE510}"
EndProject
Project("{2150E333-8FDC-42A3-9474-1A3956D46DE8}") = "Fiscal", "Fiscal", "{DB8F491C-713B-4BCF-9447-D457B201CC1B}"
EndProject
Project("{2150E333-8FDC-42A3-9474-1A3956D46DE8}") = "Pagamentos", "Pagamentos", "{07CF6F34-67C7-41E2-8740-A9160A5C925E}"
EndProject
Project("{2150E333-8FDC-42A3-9474-1A3956D46DE8}") = "Catalogo", "Catalogo", "{431A9F5E-B8B5-41D6-89CE-8EA5A8BA5D0C}"
EndProject
Project("{2150E333-8FDC-42A3-9474-1A3956D46DE8}") = "Vendas", "Vendas", "{7B0A53BD-EC01-4644-96F6-8D1975298106}"
EndProject
Project("{FAE04EC0-301F-11D3-BF4B-00C04F79EFBC}") = "NerdStore.Catalogo.Domain", "src\NerdStore.Catalogo.Domain\NerdStore.Catalogo.Domain.csproj", "{2FB36945-F7AD-43F7-B18F-079A537EBD72}"
EndProject
Project("{FAE04EC0-301F-11D3-BF4B-00C04F79EFBC}") = "NerdStore.Core", "src\NerdStore.Core\NerdStore.Core.csproj", "{DDB9226C-7ADB-4227-BD7A-AEA1EABDD053}"
EndProject
Project("{2150E333-8FDC-42A3-9474-1A3956D46DE8}") = "Tests", "Tests", "{2A19C29E-F133-4716-B431-D04FCB43A828}"
EndProject
Project("{FAE04EC0-301F-11D3-BF4B-00C04F79EFBC}") = "NerdStore.Catalogo.Domain.Tests", "tests\NerdStore.Catalogo.Domain.Tests\NerdStore.Catalogo.Domain.Tests.csproj", "{B2A2040A-ED0F-4651-9DED-AC3A9790CFC9}"
EndProject
Project("{FAE04EC0-301F-11D3-BF4B-00C04F79EFBC}") = "NerdStore.Catalogo.Data", "src\NerdStore.Catalogo.Data\NerdStore.Catalogo.Data.csproj", "{AECAB9F9-08CC-472F-8083-31F65F0AE132}"
EndProject
Project("{FAE04EC0-301F-11D3-BF4B-00C04F79EFBC}") = "NerdStore.Catalogo.Application", "src\NerdStore.Catalogo.Application\NerdStore.Catalogo.Application.csproj", "{6825D51B-8066-46F8-9D42-2F8816B5A4C3}"
EndProject
Project("{FAE04EC0-301F-11D3-BF4B-00C04F79EFBC}") = "NerdStore.WebApp.MVC", "src\NerdStore.WebApp.MVC\NerdStore.WebApp.MVC.csproj", "{19494F8C-C0AC-4E69-A783-C3C0400C3372}"
EndProject
Project("{FAE04EC0-301F-11D3-BF4B-00C04F79EFBC}") = "NerdStore.Vendas.Domain", "src\NerdStore.Vendas.Domain\NerdStore.Vendas.Domain.csproj", "{C16EF938-5E62-4369-9AC8-32A5D9997B82}"
EndProject
Project("{FAE04EC0-301F-11D3-BF4B-00C04F79EFBC}") = "NerdStore.Vendas.Application", "src\NerdStore.Vendas.Application\NerdStore.Vendas.Application.csproj", "{F8771702-4FE6-4A10-8BBF-3CA354D19A72}"
EndProject
Project("{FAE04EC0-301F-11D3-BF4B-00C04F79EFBC}") = "NerdStore.Vendas.Data", "src\NerdStore.Vendas.Data\NerdStore.Vendas.Data.csproj", "{4886E5D4-3E44-4689-8074-53C2D747B62F}"
EndProject
Project("{FAE04EC0-301F-11D3-BF4B-00C04F79EFBC}") = "NerdStore.Pagamentos.AntiCorruption", "src\NerdStore.Pagamentos.AntiCorruption\NerdStore.Pagamentos.AntiCorruption.csproj", "{BCF7B405-3444-4FC0-AAF5-9A9EB04EC0EA}"
EndProject
Project("{FAE04EC0-301F-11D3-BF4B-00C04F79EFBC}") = "NerdStore.Pagamentos.Business", "src\NerdStore.Pagamentos.Business\NerdStore.Pagamentos.Business.csproj", "{19FB4AEB-44CE-4A5A-9613-1796AEF874E8}"
EndProject
Project("{FAE04EC0-301F-11D3-BF4B-00C04F79EFBC}") = "NerdStore.Pagamentos.Data", "src\NerdStore.Pagamentos.Data\NerdStore.Pagamentos.Data.csproj", "{79397DE3-BAFA-489A-9DC5-7E6925D5AE93}"
EndProject
Project("{2150E333-8FDC-42A3-9474-1A3956D46DE8}") = "BuildingBlocks", "BuildingBlocks", "{E2E299F4-BBDF-4808-AD1E-3C844A2E4B86}"
EndProject
Project("{FAE04EC0-301F-11D3-BF4B-00C04F79EFBC}") = "EventSourcing", "src\EventSourcing\EventSourcing.csproj", "{79C26EBC-1979-4B50-9A0A-592975300314}"
EndProject
Global
	GlobalSection(SolutionConfigurationPlatforms) = preSolution
		Debug|Any CPU = Debug|Any CPU
		Release|Any CPU = Release|Any CPU
	EndGlobalSection
	GlobalSection(ProjectConfigurationPlatforms) = postSolution
		{2FB36945-F7AD-43F7-B18F-079A537EBD72}.Debug|Any CPU.ActiveCfg = Debug|Any CPU
		{2FB36945-F7AD-43F7-B18F-079A537EBD72}.Debug|Any CPU.Build.0 = Debug|Any CPU
		{2FB36945-F7AD-43F7-B18F-079A537EBD72}.Release|Any CPU.ActiveCfg = Release|Any CPU
		{2FB36945-F7AD-43F7-B18F-079A537EBD72}.Release|Any CPU.Build.0 = Release|Any CPU
		{DDB9226C-7ADB-4227-BD7A-AEA1EABDD053}.Debug|Any CPU.ActiveCfg = Debug|Any CPU
		{DDB9226C-7ADB-4227-BD7A-AEA1EABDD053}.Debug|Any CPU.Build.0 = Debug|Any CPU
		{DDB9226C-7ADB-4227-BD7A-AEA1EABDD053}.Release|Any CPU.ActiveCfg = Release|Any CPU
		{DDB9226C-7ADB-4227-BD7A-AEA1EABDD053}.Release|Any CPU.Build.0 = Release|Any CPU
		{B2A2040A-ED0F-4651-9DED-AC3A9790CFC9}.Debug|Any CPU.ActiveCfg = Debug|Any CPU
		{B2A2040A-ED0F-4651-9DED-AC3A9790CFC9}.Debug|Any CPU.Build.0 = Debug|Any CPU
		{B2A2040A-ED0F-4651-9DED-AC3A9790CFC9}.Release|Any CPU.ActiveCfg = Release|Any CPU
		{B2A2040A-ED0F-4651-9DED-AC3A9790CFC9}.Release|Any CPU.Build.0 = Release|Any CPU
		{AECAB9F9-08CC-472F-8083-31F65F0AE132}.Debug|Any CPU.ActiveCfg = Debug|Any CPU
		{AECAB9F9-08CC-472F-8083-31F65F0AE132}.Debug|Any CPU.Build.0 = Debug|Any CPU
		{AECAB9F9-08CC-472F-8083-31F65F0AE132}.Release|Any CPU.ActiveCfg = Release|Any CPU
		{AECAB9F9-08CC-472F-8083-31F65F0AE132}.Release|Any CPU.Build.0 = Release|Any CPU
		{6825D51B-8066-46F8-9D42-2F8816B5A4C3}.Debug|Any CPU.ActiveCfg = Debug|Any CPU
		{6825D51B-8066-46F8-9D42-2F8816B5A4C3}.Debug|Any CPU.Build.0 = Debug|Any CPU
		{6825D51B-8066-46F8-9D42-2F8816B5A4C3}.Release|Any CPU.ActiveCfg = Release|Any CPU
		{6825D51B-8066-46F8-9D42-2F8816B5A4C3}.Release|Any CPU.Build.0 = Release|Any CPU
		{19494F8C-C0AC-4E69-A783-C3C0400C3372}.Debug|Any CPU.ActiveCfg = Debug|Any CPU
		{19494F8C-C0AC-4E69-A783-C3C0400C3372}.Debug|Any CPU.Build.0 = Debug|Any CPU
		{19494F8C-C0AC-4E69-A783-C3C0400C3372}.Release|Any CPU.ActiveCfg = Release|Any CPU
		{19494F8C-C0AC-4E69-A783-C3C0400C3372}.Release|Any CPU.Build.0 = Release|Any CPU
		{C16EF938-5E62-4369-9AC8-32A5D9997B82}.Debug|Any CPU.ActiveCfg = Debug|Any CPU
		{C16EF938-5E62-4369-9AC8-32A5D9997B82}.Debug|Any CPU.Build.0 = Debug|Any CPU
		{C16EF938-5E62-4369-9AC8-32A5D9997B82}.Release|Any CPU.ActiveCfg = Release|Any CPU
		{C16EF938-5E62-4369-9AC8-32A5D9997B82}.Release|Any CPU.Build.0 = Release|Any CPU
		{F8771702-4FE6-4A10-8BBF-3CA354D19A72}.Debug|Any CPU.ActiveCfg = Debug|Any CPU
		{F8771702-4FE6-4A10-8BBF-3CA354D19A72}.Debug|Any CPU.Build.0 = Debug|Any CPU
		{F8771702-4FE6-4A10-8BBF-3CA354D19A72}.Release|Any CPU.ActiveCfg = Release|Any CPU
		{F8771702-4FE6-4A10-8BBF-3CA354D19A72}.Release|Any CPU.Build.0 = Release|Any CPU
		{4886E5D4-3E44-4689-8074-53C2D747B62F}.Debug|Any CPU.ActiveCfg = Debug|Any CPU
		{4886E5D4-3E44-4689-8074-53C2D747B62F}.Debug|Any CPU.Build.0 = Debug|Any CPU
		{4886E5D4-3E44-4689-8074-53C2D747B62F}.Release|Any CPU.ActiveCfg = Release|Any CPU
		{4886E5D4-3E44-4689-8074-53C2D747B62F}.Release|Any CPU.Build.0 = Release|Any CPU
		{BCF7B405-3444-4FC0-AAF5-9A9EB04EC0EA}.Debug|Any CPU.ActiveCfg = Debug|Any CPU
		{BCF7B405-3444-4FC0-AAF5-9A9EB04EC0EA}.Debug|Any CPU.Build.0 = Debug|Any CPU
		{BCF7B405-3444-4FC0-AAF5-9A9EB04EC0EA}.Release|Any CPU.ActiveCfg = Release|Any CPU
		{BCF7B405-3444-4FC0-AAF5-9A9EB04EC0EA}.Release|Any CPU.Build.0 = Release|Any CPU
		{19FB4AEB-44CE-4A5A-9613-1796AEF874E8}.Debug|Any CPU.ActiveCfg = Debug|Any CPU
		{19FB4AEB-44CE-4A5A-9613-1796AEF874E8}.Debug|Any CPU.Build.0 = Debug|Any CPU
		{19FB4AEB-44CE-4A5A-9613-1796AEF874E8}.Release|Any CPU.ActiveCfg = Release|Any CPU
		{19FB4AEB-44CE-4A5A-9613-1796AEF874E8}.Release|Any CPU.Build.0 = Release|Any CPU
		{79397DE3-BAFA-489A-9DC5-7E6925D5AE93}.Debug|Any CPU.ActiveCfg = Debug|Any CPU
		{79397DE3-BAFA-489A-9DC5-7E6925D5AE93}.Debug|Any CPU.Build.0 = Debug|Any CPU
		{79397DE3-BAFA-489A-9DC5-7E6925D5AE93}.Release|Any CPU.ActiveCfg = Release|Any CPU
		{79397DE3-BAFA-489A-9DC5-7E6925D5AE93}.Release|Any CPU.Build.0 = Release|Any CPU
		{79C26EBC-1979-4B50-9A0A-592975300314}.Debug|Any CPU.ActiveCfg = Debug|Any CPU
		{79C26EBC-1979-4B50-9A0A-592975300314}.Debug|Any CPU.Build.0 = Debug|Any CPU
		{79C26EBC-1979-4B50-9A0A-592975300314}.Release|Any CPU.ActiveCfg = Release|Any CPU
		{79C26EBC-1979-4B50-9A0A-592975300314}.Release|Any CPU.Build.0 = Release|Any CPU
	EndGlobalSection
	GlobalSection(SolutionProperties) = preSolution
		HideSolutionNode = FALSE
	EndGlobalSection
	GlobalSection(ExtensibilityGlobals) = postSolution
		SolutionGuid = {1BBB1E80-A684-467B-87AA-D3F73363763A}
	EndGlobalSection
	GlobalSection(NestedProjects) = preSolution
		{C32384FF-CEF7-4F87-8A65-E283C064CF83} = {EF89B127-1DE8-4632-AB89-1FEEF3162C5B}
		{359DED72-B627-4503-8CF1-D21E243CE510} = {EF89B127-1DE8-4632-AB89-1FEEF3162C5B}
		{DB8F491C-713B-4BCF-9447-D457B201CC1B} = {EF89B127-1DE8-4632-AB89-1FEEF3162C5B}
		{07CF6F34-67C7-41E2-8740-A9160A5C925E} = {EF89B127-1DE8-4632-AB89-1FEEF3162C5B}
		{431A9F5E-B8B5-41D6-89CE-8EA5A8BA5D0C} = {EF89B127-1DE8-4632-AB89-1FEEF3162C5B}
		{7B0A53BD-EC01-4644-96F6-8D1975298106} = {EF89B127-1DE8-4632-AB89-1FEEF3162C5B}
		{2FB36945-F7AD-43F7-B18F-079A537EBD72} = {431A9F5E-B8B5-41D6-89CE-8EA5A8BA5D0C}
		{DDB9226C-7ADB-4227-BD7A-AEA1EABDD053} = {359DED72-B627-4503-8CF1-D21E243CE510}
		{2A19C29E-F133-4716-B431-D04FCB43A828} = {431A9F5E-B8B5-41D6-89CE-8EA5A8BA5D0C}
		{B2A2040A-ED0F-4651-9DED-AC3A9790CFC9} = {2A19C29E-F133-4716-B431-D04FCB43A828}
		{AECAB9F9-08CC-472F-8083-31F65F0AE132} = {431A9F5E-B8B5-41D6-89CE-8EA5A8BA5D0C}
		{6825D51B-8066-46F8-9D42-2F8816B5A4C3} = {431A9F5E-B8B5-41D6-89CE-8EA5A8BA5D0C}
		{19494F8C-C0AC-4E69-A783-C3C0400C3372} = {C5131E36-E3C0-4AA0-BDC7-0805ACF4F6FE}
		{C16EF938-5E62-4369-9AC8-32A5D9997B82} = {7B0A53BD-EC01-4644-96F6-8D1975298106}
		{F8771702-4FE6-4A10-8BBF-3CA354D19A72} = {7B0A53BD-EC01-4644-96F6-8D1975298106}
		{4886E5D4-3E44-4689-8074-53C2D747B62F} = {7B0A53BD-EC01-4644-96F6-8D1975298106}
		{BCF7B405-3444-4FC0-AAF5-9A9EB04EC0EA} = {07CF6F34-67C7-41E2-8740-A9160A5C925E}
		{19FB4AEB-44CE-4A5A-9613-1796AEF874E8} = {07CF6F34-67C7-41E2-8740-A9160A5C925E}
		{79397DE3-BAFA-489A-9DC5-7E6925D5AE93} = {07CF6F34-67C7-41E2-8740-A9160A5C925E}
		{79C26EBC-1979-4B50-9A0A-592975300314} = {E2E299F4-BBDF-4808-AD1E-3C844A2E4B86}
	EndGlobalSection
EndGlobal
