
Microsoft Visual Studio Solution File, Format Version 12.00
# Visual Studio Version 17
VisualStudioVersion = 17.3.32901.215
MinimumVisualStudioVersion = 10.0.40219.1
Project("{2150E333-8FDC-42A3-9474-1A3956D46DE8}") = "01 - Testes de Unidade", "01 - Testes de Unidade", "{20163E79-2E05-4332-8779-71E5259C6185}"
EndProject
Project("{2150E333-8FDC-42A3-9474-1A3956D46DE8}") = "1.1 - Testes Basicos", "1.1 - Testes Basicos", "{B9F2BC37-7D22-43A5-AF1C-5411A8D3514C}"
EndProject
Project("{9A19103F-16F7-4668-BE54-9A1E7A4F7556}") = "Demo", "TestesUnidade\Demo\Demo.csproj", "{70F187D9-46C7-4DFA-9481-4CC78473A069}"
EndProject
Project("{9A19103F-16F7-4668-BE54-9A1E7A4F7556}") = "Demo.Tests", "TestesUnidade\Demo.Tests\Demo.Tests.csproj", "{B1CAA87E-7C84-4F72-8E00-FBE59B5889D7}"
EndProject
Project("{2150E333-8FDC-42A3-9474-1A3956D46DE8}") = "2.2 - Features", "2.2 - Features", "{C8063636-95E7-47AC-9F15-288D10011F80}"
EndProject
Project("{2150E333-8FDC-42A3-9474-1A3956D46DE8}") = "02 - TDD", "02 - TDD", "{2851620D-CBDD-4131-82B2-351BBC85B121}"
EndProject
Project("{2150E333-8FDC-42A3-9474-1A3956D46DE8}") = "tests", "tests", "{67307890-A276-4D41-A40D-10978879C0A3}"
EndProject
Project("{2150E333-8FDC-42A3-9474-1A3956D46DE8}") = "src", "src", "{F108171D-C414-444C-87C0-37EFCF3AF50C}"
EndProject
Project("{9A19103F-16F7-4668-BE54-9A1E7A4F7556}") = "NerdStore.Vendas.Domain", "TDD\src\NerdStor.Vendas.Domain\NerdStore.Vendas.Domain.csproj", "{CEFEC47C-CF07-412B-AE51-91F6066F0E51}"
EndProject
Project("{9A19103F-16F7-4668-BE54-9A1E7A4F7556}") = "NerdStore.Vendas.Domain.Tests", "TDD\tests\NerdStore.Vendas.Domain.Tests\NerdStore.Vendas.Domain.Tests.csproj", "{6A6FEE1C-181A-446D-A38E-B952D56B88EA}"
EndProject
Project("{9A19103F-16F7-4668-BE54-9A1E7A4F7556}") = "NerdStore.Core", "TDD\src\NerdStore.Core\NerdStore.Core.csproj", "{5E2B9116-2377-4478-88D2-E90831A89197}"
EndProject
Project("{9A19103F-16F7-4668-BE54-9A1E7A4F7556}") = "NerdStore.Vendas.Application", "TDD\src\NerdStore.Vendas.Application\NerdStore.Vendas.Application.csproj", "{AB257761-F048-46DA-BA6A-C1A532B26BF0}"
EndProject
Project("{9A19103F-16F7-4668-BE54-9A1E7A4F7556}") = "NerdStore.Vendas.Application.Tests", "TDD\tests\NerdStore.Vendas.Application.Tests\NerdStore.Vendas.Application.Tests.csproj", "{8E09E4AF-EBB4-474D-9A47-4C671E29F1FE}"
EndProject
Project("{9A19103F-16F7-4668-BE54-9A1E7A4F7556}") = "NerdStore.Vendas.Data", "TDD\src\NerdStore.Vendas.Data\NerdStore.Vendas.Data.csproj", "{4E653675-DE68-4A5A-B80B-9C3DC6C3E495}"
EndProject
Project("{2150E333-8FDC-42A3-9474-1A3956D46DE8}") = "03 - Testes de Integração", "03 - Testes de Integração", "{75F11AD3-2CDF-4A4B-9E58-4F080DB5AF02}"
EndProject
Project("{2150E333-8FDC-42A3-9474-1A3956D46DE8}") = "tests", "tests", "{0A8B69AA-CAAB-4FFC-B753-977E97A8D010}"
EndProject
Project("{9A19103F-16F7-4668-BE54-9A1E7A4F7556}") = "NerdStore.Catalogo.Domain", "TestesIntegracao\NerdStore.Catalogo.Domain\NerdStore.Catalogo.Domain.csproj", "{84D0504D-2E7D-4936-9648-212060691606}"
EndProject
Project("{9A19103F-16F7-4668-BE54-9A1E7A4F7556}") = "NerdStore.Catalogo.Data", "TestesIntegracao\NerdStore.Catalogo.Data\NerdStore.Catalogo.Data.csproj", "{863CAF8C-B2B3-4186-94FC-E816DBF4829C}"
EndProject
Project("{9A19103F-16F7-4668-BE54-9A1E7A4F7556}") = "NerdStore.WebApp.MVC", "TestesIntegracao\NerdStore.WebApp.MVC\NerdStore.WebApp.MVC.csproj", "{5594871F-72E9-4220-A7AC-D5C183D9EA22}"
EndProject
Project("{9A19103F-16F7-4668-BE54-9A1E7A4F7556}") = "Features.Tests", "TestesUnidade\Features.Tests\Features.Tests.csproj", "{0CA9D53E-D092-4A2D-AC1F-41BDE589F129}"
EndProject
Project("{9A19103F-16F7-4668-BE54-9A1E7A4F7556}") = "Features", "TestesUnidade\Features\Features.csproj", "{BCB93C09-9BEE-4EA3-B927-33F848830EC8}"
EndProject
Project("{9A19103F-16F7-4668-BE54-9A1E7A4F7556}") = "NerdStore.Catalogo.Application", "TestesIntegracao\NerdStore.Catalogo.Application\NerdStore.Catalogo.Application.csproj", "{FFF0BC35-FB1E-4B17-AADF-1505F94C13EA}"
EndProject
Project("{9A19103F-16F7-4668-BE54-9A1E7A4F7556}") = "NerdStore.WebApp.Tests", "TestesIntegracao\tests\NerdStore.WebApp.Tests\NerdStore.WebApp.Tests.csproj", "{3ADD400A-2CF4-456A-82A6-E090F8799ED6}"
EndProject
Project("{2150E333-8FDC-42A3-9474-1A3956D46DE8}") = "04 - BDD", "04 - BDD", "{A55AE6DC-9FA8-4EC0-B2BA-55E6A19F4D29}"
EndProject
Project("{FAE04EC0-301F-11D3-BF4B-00C04F79EFBC}") = "NerdStore.BDD.Tests", "BDD\NerdStore.BDD.Tests\NerdStore.BDD.Tests.csproj", "{9519DA24-62B6-4634-93AB-D08AB78E1476}"
EndProject
Global
	GlobalSection(SolutionConfigurationPlatforms) = preSolution
		Debug|Any CPU = Debug|Any CPU
		Release|Any CPU = Release|Any CPU
	EndGlobalSection
	GlobalSection(ProjectConfigurationPlatforms) = postSolution
		{70F187D9-46C7-4DFA-9481-4CC78473A069}.Debug|Any CPU.ActiveCfg = Debug|Any CPU
		{70F187D9-46C7-4DFA-9481-4CC78473A069}.Debug|Any CPU.Build.0 = Debug|Any CPU
		{70F187D9-46C7-4DFA-9481-4CC78473A069}.Release|Any CPU.ActiveCfg = Release|Any CPU
		{70F187D9-46C7-4DFA-9481-4CC78473A069}.Release|Any CPU.Build.0 = Release|Any CPU
		{B1CAA87E-7C84-4F72-8E00-FBE59B5889D7}.Debug|Any CPU.ActiveCfg = Debug|Any CPU
		{B1CAA87E-7C84-4F72-8E00-FBE59B5889D7}.Debug|Any CPU.Build.0 = Debug|Any CPU
		{B1CAA87E-7C84-4F72-8E00-FBE59B5889D7}.Release|Any CPU.ActiveCfg = Release|Any CPU
		{B1CAA87E-7C84-4F72-8E00-FBE59B5889D7}.Release|Any CPU.Build.0 = Release|Any CPU
		{CEFEC47C-CF07-412B-AE51-91F6066F0E51}.Debug|Any CPU.ActiveCfg = Debug|Any CPU
		{CEFEC47C-CF07-412B-AE51-91F6066F0E51}.Debug|Any CPU.Build.0 = Debug|Any CPU
		{CEFEC47C-CF07-412B-AE51-91F6066F0E51}.Release|Any CPU.ActiveCfg = Release|Any CPU
		{CEFEC47C-CF07-412B-AE51-91F6066F0E51}.Release|Any CPU.Build.0 = Release|Any CPU
		{6A6FEE1C-181A-446D-A38E-B952D56B88EA}.Debug|Any CPU.ActiveCfg = Debug|Any CPU
		{6A6FEE1C-181A-446D-A38E-B952D56B88EA}.Debug|Any CPU.Build.0 = Debug|Any CPU
		{6A6FEE1C-181A-446D-A38E-B952D56B88EA}.Release|Any CPU.ActiveCfg = Release|Any CPU
		{6A6FEE1C-181A-446D-A38E-B952D56B88EA}.Release|Any CPU.Build.0 = Release|Any CPU
		{5E2B9116-2377-4478-88D2-E90831A89197}.Debug|Any CPU.ActiveCfg = Debug|Any CPU
		{5E2B9116-2377-4478-88D2-E90831A89197}.Debug|Any CPU.Build.0 = Debug|Any CPU
		{5E2B9116-2377-4478-88D2-E90831A89197}.Release|Any CPU.ActiveCfg = Release|Any CPU
		{5E2B9116-2377-4478-88D2-E90831A89197}.Release|Any CPU.Build.0 = Release|Any CPU
		{AB257761-F048-46DA-BA6A-C1A532B26BF0}.Debug|Any CPU.ActiveCfg = Debug|Any CPU
		{AB257761-F048-46DA-BA6A-C1A532B26BF0}.Debug|Any CPU.Build.0 = Debug|Any CPU
		{AB257761-F048-46DA-BA6A-C1A532B26BF0}.Release|Any CPU.ActiveCfg = Release|Any CPU
		{AB257761-F048-46DA-BA6A-C1A532B26BF0}.Release|Any CPU.Build.0 = Release|Any CPU
		{8E09E4AF-EBB4-474D-9A47-4C671E29F1FE}.Debug|Any CPU.ActiveCfg = Debug|Any CPU
		{8E09E4AF-EBB4-474D-9A47-4C671E29F1FE}.Debug|Any CPU.Build.0 = Debug|Any CPU
		{8E09E4AF-EBB4-474D-9A47-4C671E29F1FE}.Release|Any CPU.ActiveCfg = Release|Any CPU
		{8E09E4AF-EBB4-474D-9A47-4C671E29F1FE}.Release|Any CPU.Build.0 = Release|Any CPU
		{4E653675-DE68-4A5A-B80B-9C3DC6C3E495}.Debug|Any CPU.ActiveCfg = Debug|Any CPU
		{4E653675-DE68-4A5A-B80B-9C3DC6C3E495}.Debug|Any CPU.Build.0 = Debug|Any CPU
		{4E653675-DE68-4A5A-B80B-9C3DC6C3E495}.Release|Any CPU.ActiveCfg = Release|Any CPU
		{4E653675-DE68-4A5A-B80B-9C3DC6C3E495}.Release|Any CPU.Build.0 = Release|Any CPU
		{84D0504D-2E7D-4936-9648-212060691606}.Debug|Any CPU.ActiveCfg = Debug|Any CPU
		{84D0504D-2E7D-4936-9648-212060691606}.Debug|Any CPU.Build.0 = Debug|Any CPU
		{84D0504D-2E7D-4936-9648-212060691606}.Release|Any CPU.ActiveCfg = Release|Any CPU
		{84D0504D-2E7D-4936-9648-212060691606}.Release|Any CPU.Build.0 = Release|Any CPU
		{863CAF8C-B2B3-4186-94FC-E816DBF4829C}.Debug|Any CPU.ActiveCfg = Debug|Any CPU
		{863CAF8C-B2B3-4186-94FC-E816DBF4829C}.Debug|Any CPU.Build.0 = Debug|Any CPU
		{863CAF8C-B2B3-4186-94FC-E816DBF4829C}.Release|Any CPU.ActiveCfg = Release|Any CPU
		{863CAF8C-B2B3-4186-94FC-E816DBF4829C}.Release|Any CPU.Build.0 = Release|Any CPU
		{5594871F-72E9-4220-A7AC-D5C183D9EA22}.Debug|Any CPU.ActiveCfg = Debug|Any CPU
		{5594871F-72E9-4220-A7AC-D5C183D9EA22}.Debug|Any CPU.Build.0 = Debug|Any CPU
		{5594871F-72E9-4220-A7AC-D5C183D9EA22}.Release|Any CPU.ActiveCfg = Release|Any CPU
		{5594871F-72E9-4220-A7AC-D5C183D9EA22}.Release|Any CPU.Build.0 = Release|Any CPU
		{0CA9D53E-D092-4A2D-AC1F-41BDE589F129}.Debug|Any CPU.ActiveCfg = Debug|Any CPU
		{0CA9D53E-D092-4A2D-AC1F-41BDE589F129}.Debug|Any CPU.Build.0 = Debug|Any CPU
		{0CA9D53E-D092-4A2D-AC1F-41BDE589F129}.Release|Any CPU.ActiveCfg = Release|Any CPU
		{0CA9D53E-D092-4A2D-AC1F-41BDE589F129}.Release|Any CPU.Build.0 = Release|Any CPU
		{BCB93C09-9BEE-4EA3-B927-33F848830EC8}.Debug|Any CPU.ActiveCfg = Debug|Any CPU
		{BCB93C09-9BEE-4EA3-B927-33F848830EC8}.Debug|Any CPU.Build.0 = Debug|Any CPU
		{BCB93C09-9BEE-4EA3-B927-33F848830EC8}.Release|Any CPU.ActiveCfg = Release|Any CPU
		{BCB93C09-9BEE-4EA3-B927-33F848830EC8}.Release|Any CPU.Build.0 = Release|Any CPU
		{FFF0BC35-FB1E-4B17-AADF-1505F94C13EA}.Debug|Any CPU.ActiveCfg = Debug|Any CPU
		{FFF0BC35-FB1E-4B17-AADF-1505F94C13EA}.Debug|Any CPU.Build.0 = Debug|Any CPU
		{FFF0BC35-FB1E-4B17-AADF-1505F94C13EA}.Release|Any CPU.ActiveCfg = Release|Any CPU
		{FFF0BC35-FB1E-4B17-AADF-1505F94C13EA}.Release|Any CPU.Build.0 = Release|Any CPU
		{3ADD400A-2CF4-456A-82A6-E090F8799ED6}.Debug|Any CPU.ActiveCfg = Debug|Any CPU
		{3ADD400A-2CF4-456A-82A6-E090F8799ED6}.Debug|Any CPU.Build.0 = Debug|Any CPU
		{3ADD400A-2CF4-456A-82A6-E090F8799ED6}.Release|Any CPU.ActiveCfg = Release|Any CPU
		{3ADD400A-2CF4-456A-82A6-E090F8799ED6}.Release|Any CPU.Build.0 = Release|Any CPU
		{9519DA24-62B6-4634-93AB-D08AB78E1476}.Debug|Any CPU.ActiveCfg = Debug|Any CPU
		{9519DA24-62B6-4634-93AB-D08AB78E1476}.Debug|Any CPU.Build.0 = Debug|Any CPU
		{9519DA24-62B6-4634-93AB-D08AB78E1476}.Release|Any CPU.ActiveCfg = Release|Any CPU
		{9519DA24-62B6-4634-93AB-D08AB78E1476}.Release|Any CPU.Build.0 = Release|Any CPU
	EndGlobalSection
	GlobalSection(SolutionProperties) = preSolution
		HideSolutionNode = FALSE
	EndGlobalSection
	GlobalSection(NestedProjects) = preSolution
		{B9F2BC37-7D22-43A5-AF1C-5411A8D3514C} = {20163E79-2E05-4332-8779-71E5259C6185}
		{70F187D9-46C7-4DFA-9481-4CC78473A069} = {B9F2BC37-7D22-43A5-AF1C-5411A8D3514C}
		{B1CAA87E-7C84-4F72-8E00-FBE59B5889D7} = {B9F2BC37-7D22-43A5-AF1C-5411A8D3514C}
		{C8063636-95E7-47AC-9F15-288D10011F80} = {20163E79-2E05-4332-8779-71E5259C6185}
		{67307890-A276-4D41-A40D-10978879C0A3} = {2851620D-CBDD-4131-82B2-351BBC85B121}
		{F108171D-C414-444C-87C0-37EFCF3AF50C} = {2851620D-CBDD-4131-82B2-351BBC85B121}
		{CEFEC47C-CF07-412B-AE51-91F6066F0E51} = {2851620D-CBDD-4131-82B2-351BBC85B121}
		{6A6FEE1C-181A-446D-A38E-B952D56B88EA} = {67307890-A276-4D41-A40D-10978879C0A3}
		{5E2B9116-2377-4478-88D2-E90831A89197} = {2851620D-CBDD-4131-82B2-351BBC85B121}
		{AB257761-F048-46DA-BA6A-C1A532B26BF0} = {2851620D-CBDD-4131-82B2-351BBC85B121}
		{8E09E4AF-EBB4-474D-9A47-4C671E29F1FE} = {67307890-A276-4D41-A40D-10978879C0A3}
		{4E653675-DE68-4A5A-B80B-9C3DC6C3E495} = {2851620D-CBDD-4131-82B2-351BBC85B121}
		{0A8B69AA-CAAB-4FFC-B753-977E97A8D010} = {75F11AD3-2CDF-4A4B-9E58-4F080DB5AF02}
		{84D0504D-2E7D-4936-9648-212060691606} = {75F11AD3-2CDF-4A4B-9E58-4F080DB5AF02}
		{863CAF8C-B2B3-4186-94FC-E816DBF4829C} = {75F11AD3-2CDF-4A4B-9E58-4F080DB5AF02}
		{5594871F-72E9-4220-A7AC-D5C183D9EA22} = {75F11AD3-2CDF-4A4B-9E58-4F080DB5AF02}
		{0CA9D53E-D092-4A2D-AC1F-41BDE589F129} = {C8063636-95E7-47AC-9F15-288D10011F80}
		{BCB93C09-9BEE-4EA3-B927-33F848830EC8} = {C8063636-95E7-47AC-9F15-288D10011F80}
		{FFF0BC35-FB1E-4B17-AADF-1505F94C13EA} = {75F11AD3-2CDF-4A4B-9E58-4F080DB5AF02}
		{3ADD400A-2CF4-456A-82A6-E090F8799ED6} = {0A8B69AA-CAAB-4FFC-B753-977E97A8D010}
		{9519DA24-62B6-4634-93AB-D08AB78E1476} = {A55AE6DC-9FA8-4EC0-B2BA-55E6A19F4D29}
	EndGlobalSection
	GlobalSection(ExtensibilityGlobals) = postSolution
		SolutionGuid = {57CC1249-54CE-472B-9CA7-A39DEFCDF7F9}
	EndGlobalSection
EndGlobal
